// !$*UTF8*$!
{
	archiveVersion = 1;
	classes = {
	};
	objectVersion = 56;
	objects = {

/* Begin PBXBuildFile section */
		A10000000000000000000001 /* ShouxiaApp.swift in Sources */ = {isa = PBXBuildFile; fileRef = A20000000000000000000001 /* ShouxiaApp.swift */; };
		A10000000000000000000002 /* PickupRecord.swift in Sources */ = {isa = PBXBuildFile; fileRef = A20000000000000000000002 /* PickupRecord.swift */; };
		A10000000000000000000003 /* PickupParser.swift in Sources */ = {isa = PBXBuildFile; fileRef = A20000000000000000000003 /* PickupParser.swift */; };
		A10000000000000000000004 /* PickupRepository.swift in Sources */ = {isa = PBXBuildFile; fileRef = A20000000000000000000004 /* PickupRepository.swift */; };
		A10000000000000000000005 /* PickupStore.swift in Sources */ = {isa = PBXBuildFile; fileRef = A20000000000000000000005 /* PickupStore.swift */; };
		A10000000000000000000006 /* InboxView.swift in Sources */ = {isa = PBXBuildFile; fileRef = A20000000000000000000006 /* InboxView.swift */; };
		A10000000000000000000007 /* SavePickupMessageIntent.swift in Sources */ = {isa = PBXBuildFile; fileRef = A20000000000000000000007 /* SavePickupMessageIntent.swift */; };
		A10000000000000000000008 /* Assets.xcassets in Resources */ = {isa = PBXBuildFile; fileRef = A20000000000000000000008 /* Assets.xcassets */; };
		A10000000000000000000009 /* PickupParserTests.swift in Sources */ = {isa = PBXBuildFile; fileRef = A20000000000000000000009 /* PickupParserTests.swift */; };
		A1000000000000000000000A /* PickupRepositoryTests.swift in Sources */ = {isa = PBXBuildFile; fileRef = A2000000000000000000000A /* PickupRepositoryTests.swift */; };
		A1000000000000000000000B /* HistoryView.swift in Sources */ = {isa = PBXBuildFile; fileRef = A2000000000000000000000D /* HistoryView.swift */; };
		A1000000000000000000000C /* ShouxiaTheme.swift in Sources */ = {isa = PBXBuildFile; fileRef = A2000000000000000000000E /* ShouxiaTheme.swift */; };
		A1000000000000000000000D /* PrivacyInfo.xcprivacy in Resources */ = {isa = PBXBuildFile; fileRef = A2000000000000000000000F /* PrivacyInfo.xcprivacy */; };
		A1000000000000000000000E /* ImagePickupRecognizer.swift in Sources */ = {isa = PBXBuildFile; fileRef = A20000000000000000000010 /* ImagePickupRecognizer.swift */; };
		A1000000000000000000000F /* PickupHandoffPackage.swift in Sources */ = {isa = PBXBuildFile; fileRef = A20000000000000000000011 /* PickupHandoffPackage.swift */; };
/* End PBXBuildFile section */

/* Begin PBXContainerItemProxy section */
		A30000000000000000000001 /* PBXContainerItemProxy */ = {
			isa = PBXContainerItemProxy;
			containerPortal = A40000000000000000000001 /* Project object */;
			proxyType = 1;
			remoteGlobalIDString = A50000000000000000000001;
			remoteInfo = Shouxia;
		};
/* End PBXContainerItemProxy section */

/* Begin PBXFileReference section */
		A20000000000000000000001 /* ShouxiaApp.swift */ = {isa = PBXFileReference; lastKnownFileType = sourcecode.swift; path = ShouxiaApp.swift; sourceTree = "<group>"; };
		A20000000000000000000002 /* PickupRecord.swift */ = {isa = PBXFileReference; lastKnownFileType = sourcecode.swift; path = PickupRecord.swift; sourceTree = "<group>"; };
		A20000000000000000000003 /* PickupParser.swift */ = {isa = PBXFileReference; lastKnownFileType = sourcecode.swift; path = PickupParser.swift; sourceTree = "<group>"; };
		A20000000000000000000004 /* PickupRepository.swift */ = {isa = PBXFileReference; lastKnownFileType = sourcecode.swift; path = PickupRepository.swift; sourceTree = "<group>"; };
		A20000000000000000000005 /* PickupStore.swift */ = {isa = PBXFileReference; lastKnownFileType = sourcecode.swift; path = PickupStore.swift; sourceTree = "<group>"; };
		A20000000000000000000006 /* InboxView.swift */ = {isa = PBXFileReference; lastKnownFileType = sourcecode.swift; path = InboxView.swift; sourceTree = "<group>"; };
		A20000000000000000000007 /* SavePickupMessageIntent.swift */ = {isa = PBXFileReference; lastKnownFileType = sourcecode.swift; path = SavePickupMessageIntent.swift; sourceTree = "<group>"; };
		A20000000000000000000008 /* Assets.xcassets */ = {isa = PBXFileReference; lastKnownFileType = folder.assetcatalog; path = Assets.xcassets; sourceTree = "<group>"; };
		A20000000000000000000009 /* PickupParserTests.swift */ = {isa = PBXFileReference; lastKnownFileType = sourcecode.swift; path = PickupParserTests.swift; sourceTree = "<group>"; };
		A2000000000000000000000A /* PickupRepositoryTests.swift */ = {isa = PBXFileReference; lastKnownFileType = sourcecode.swift; path = PickupRepositoryTests.swift; sourceTree = "<group>"; };
		A2000000000000000000000B /* Shouxia.app */ = {isa = PBXFileReference; explicitFileType = wrapper.application; includeInIndex = 0; path = Shouxia.app; sourceTree = BUILT_PRODUCTS_DIR; };
		A2000000000000000000000C /* ShouxiaTests.xctest */ = {isa = PBXFileReference; explicitFileType = wrapper.cfbundle; includeInIndex = 0; path = ShouxiaTests.xctest; sourceTree = BUILT_PRODUCTS_DIR; };
		A2000000000000000000000D /* HistoryView.swift */ = {isa = PBXFileReference; lastKnownFileType = sourcecode.swift; path = HistoryView.swift; sourceTree = "<group>"; };
		A2000000000000000000000E /* ShouxiaTheme.swift */ = {isa = PBXFileReference; lastKnownFileType = sourcecode.swift; path = ShouxiaTheme.swift; sourceTree = "<group>"; };
		A2000000000000000000000F /* PrivacyInfo.xcprivacy */ = {isa = PBXFileReference; lastKnownFileType = text.plist.xml; path = PrivacyInfo.xcprivacy; sourceTree = "<group>"; };
		A20000000000000000000010 /* ImagePickupRecognizer.swift */ = {isa = PBXFileReference; lastKnownFileType = sourcecode.swift; path = ImagePickupRecognizer.swift; sourceTree = "<group>"; };
		A20000000000000000000011 /* PickupHandoffPackage.swift */ = {isa = PBXFileReference; lastKnownFileType = sourcecode.swift; path = PickupHandoffPackage.swift; sourceTree = "<group>"; };
		A20000000000000000000012 /* Info.plist */ = {isa = PBXFileReference; lastKnownFileType = text.plist.xml; path = Info.plist; sourceTree = "<group>"; };
/* End PBXFileReference section */

/* Begin PBXFrameworksBuildPhase section */
		A60000000000000000000001 /* Frameworks */ = {
			isa = PBXFrameworksBuildPhase;
			buildActionMask = 2147483647;
			files = (
			);
			runOnlyForDeploymentPostprocessing = 0;
		};
		A60000000000000000000002 /* Frameworks */ = {
			isa = PBXFrameworksBuildPhase;
			buildActionMask = 2147483647;
			files = (
			);
			runOnlyForDeploymentPostprocessing = 0;
		};
/* End PBXFrameworksBuildPhase section */

/* Begin PBXGroup section */
		A70000000000000000000001 = {
			isa = PBXGroup;
			children = (
				A70000000000000000000002 /* Shouxia */,
				A70000000000000000000008 /* ShouxiaTests */,
				A70000000000000000000009 /* Products */,
			);
			sourceTree = "<group>";
		};
		A70000000000000000000002 /* Shouxia */ = {
			isa = PBXGroup;
			children = (
				A70000000000000000000003 /* App */,
				A70000000000000000000004 /* Features */,
				A70000000000000000000005 /* Models */,
				A70000000000000000000006 /* Services */,
				A70000000000000000000007 /* Intents */,
				A7000000000000000000000A /* Resources */,
			);
			path = Shouxia;
			sourceTree = "<group>";
		};
		A70000000000000000000003 /* App */ = {
			isa = PBXGroup;
			children = (
				A20000000000000000000001 /* ShouxiaApp.swift */,
			);
			path = App;
			sourceTree = "<group>";
		};
		A70000000000000000000004 /* Features */ = {
			isa = PBXGroup;
			children = (
				A20000000000000000000005 /* PickupStore.swift */,
				A20000000000000000000006 /* InboxView.swift */,
				A2000000000000000000000D /* HistoryView.swift */,
				A2000000000000000000000E /* ShouxiaTheme.swift */,
			);
			path = Features;
			sourceTree = "<group>";
		};
		A70000000000000000000005 /* Models */ = {
			isa = PBXGroup;
			children = (
				A20000000000000000000002 /* PickupRecord.swift */,
				A20000000000000000000011 /* PickupHandoffPackage.swift */,
			);
			path = Models;
			sourceTree = "<group>";
		};
		A70000000000000000000006 /* Services */ = {
			isa = PBXGroup;
			children = (
				A20000000000000000000003 /* PickupParser.swift */,
				A20000000000000000000004 /* PickupRepository.swift */,
				A20000000000000000000010 /* ImagePickupRecognizer.swift */,
			);
			path = Services;
			sourceTree = "<group>";
		};
		A70000000000000000000007 /* Intents */ = {
			isa = PBXGroup;
			children = (
				A20000000000000000000007 /* SavePickupMessageIntent.swift */,
			);
			path = Intents;
			sourceTree = "<group>";
		};
		A70000000000000000000008 /* ShouxiaTests */ = {
			isa = PBXGroup;
			children = (
				A20000000000000000000009 /* PickupParserTests.swift */,
				A2000000000000000000000A /* PickupRepositoryTests.swift */,
			);
			path = ShouxiaTests;
			sourceTree = "<group>";
		};
		A70000000000000000000009 /* Products */ = {
			isa = PBXGroup;
			children = (
				A2000000000000000000000B /* Shouxia.app */,
				A2000000000000000000000C /* ShouxiaTests.xctest */,
			);
			name = Products;
			sourceTree = "<group>";
		};
		A7000000000000000000000A /* Resources */ = {
			isa = PBXGroup;
			children = (
				A20000000000000000000012 /* Info.plist */,
				A20000000000000000000008 /* Assets.xcassets */,
				A2000000000000000000000F /* PrivacyInfo.xcprivacy */,
			);
			path = Resources;
			sourceTree = "<group>";
		};
/* End PBXGroup section */

/* Begin PBXNativeTarget section */
		A50000000000000000000001 /* Shouxia */ = {
			isa = PBXNativeTarget;
			buildConfigurationList = A80000000000000000000002 /* Build configuration list for PBXNativeTarget "Shouxia" */;
			buildPhases = (
				A90000000000000000000001 /* Sources */,
				A60000000000000000000001 /* Frameworks */,
				AA0000000000000000000001 /* Resources */,
			);
			buildRules = (
			);
			dependencies = (
			);
			name = Shouxia;
			productName = Shouxia;
			productReference = A2000000000000000000000B /* Shouxia.app */;
			productType = "com.apple.product-type.application";
		};
		A50000000000000000000002 /* ShouxiaTests */ = {
			isa = PBXNativeTarget;
			buildConfigurationList = A80000000000000000000003 /* Build configuration list for PBXNativeTarget "ShouxiaTests" */;
			buildPhases = (
				A90000000000000000000002 /* Sources */,
				A60000000000000000000002 /* Frameworks */,
				AA0000000000000000000002 /* Resources */,
			);
			buildRules = (
			);
			dependencies = (
				AB0000000000000000000001 /* PBXTargetDependency */,
			);
			name = ShouxiaTests;
			productName = ShouxiaTests;
			productReference = A2000000000000000000000C /* ShouxiaTests.xctest */;
			productType = "com.apple.product-type.bundle.unit-test";
		};
/* End PBXNativeTarget section */

/* Begin PBXProject section */
		A40000000000000000000001 /* Project object */ = {
			isa = PBXProject;
			attributes = {
				BuildIndependentTargetsInParallel = 1;
				LastSwiftUpdateCheck = 2660;
				LastUpgradeCheck = 2660;
				TargetAttributes = {
					A50000000000000000000001 = {
						CreatedOnToolsVersion = 26.6;
					};
					A50000000000000000000002 = {
						CreatedOnToolsVersion = 26.6;
						TestTargetID = A50000000000000000000001;
					};
				};
			};
			buildConfigurationList = A80000000000000000000001 /* Build configuration list for PBXProject "Shouxia" */;
			compatibilityVersion = "Xcode 14.0";
			developmentRegion = zh-Hans;
			hasScannedForEncodings = 0;
			knownRegions = (
				en,
				Base,
				"zh-Hans",
			);
			mainGroup = A70000000000000000000001;
			productRefGroup = A70000000000000000000009 /* Products */;
			projectDirPath = "";
			projectRoot = "";
			targets = (
				A50000000000000000000001 /* Shouxia */,
				A50000000000000000000002 /* ShouxiaTests */,
			);
		};
/* End PBXProject section */

/* Begin PBXResourcesBuildPhase section */
		AA0000000000000000000001 /* Resources */ = {
			isa = PBXResourcesBuildPhase;
			buildActionMask = 2147483647;
			files = (
				A10000000000000000000008 /* Assets.xcassets in Resources */,
				A1000000000000000000000D /* PrivacyInfo.xcprivacy in Resources */,
			);
			runOnlyForDeploymentPostprocessing = 0;
		};
		AA0000000000000000000002 /* Resources */ = {
			isa = PBXResourcesBuildPhase;
			buildActionMask = 2147483647;
			files = (
			);
			runOnlyForDeploymentPostprocessing = 0;
		};
/* End PBXResourcesBuildPhase section */

/* Begin PBXSourcesBuildPhase section */
		A90000000000000000000001 /* Sources */ = {
			isa = PBXSourcesBuildPhase;
			buildActionMask = 2147483647;
			files = (
				A10000000000000000000001 /* ShouxiaApp.swift in Sources */,
				A10000000000000000000002 /* PickupRecord.swift in Sources */,
				A10000000000000000000003 /* PickupParser.swift in Sources */,
				A10000000000000000000004 /* PickupRepository.swift in Sources */,
				A10000000000000000000005 /* PickupStore.swift in Sources */,
				A10000000000000000000006 /* InboxView.swift in Sources */,
				A10000000000000000000007 /* SavePickupMessageIntent.swift in Sources */,
				A1000000000000000000000B /* HistoryView.swift in Sources */,
				A1000000000000000000000C /* ShouxiaTheme.swift in Sources */,
				A1000000000000000000000E /* ImagePickupRecognizer.swift in Sources */,
				A1000000000000000000000F /* PickupHandoffPackage.swift in Sources */,
			);
			runOnlyForDeploymentPostprocessing = 0;
		};
		A90000000000000000000002 /* Sources */ = {
			isa = PBXSourcesBuildPhase;
			buildActionMask = 2147483647;
			files = (
				A10000000000000000000009 /* PickupParserTests.swift in Sources */,
				A1000000000000000000000A /* PickupRepositoryTests.swift in Sources */,
			);
			runOnlyForDeploymentPostprocessing = 0;
		};
/* End PBXSourcesBuildPhase section */

/* Begin PBXTargetDependency section */
		AB0000000000000000000001 /* PBXTargetDependency */ = {
			isa = PBXTargetDependency;
			target = A50000000000000000000001 /* Shouxia */;
			targetProxy = A30000000000000000000001 /* PBXContainerItemProxy */;
		};
/* End PBXTargetDependency section */

/* Begin XCBuildConfiguration section */
		AC0000000000000000000001 /* Debug */ = {
			isa = XCBuildConfiguration;
			buildSettings = {
				ALWAYS_SEARCH_USER_PATHS = NO;
				CLANG_ENABLE_MODULES = YES;
				CLANG_ENABLE_OBJC_ARC = YES;
				COPY_PHASE_STRIP = NO;
				DEBUG_INFORMATION_FORMAT = dwarf;
				ENABLE_TESTABILITY = YES;
				GCC_C_LANGUAGE_STANDARD = gnu17;
				GCC_OPTIMIZATION_LEVEL = 0;
				GCC_PREPROCESSOR_DEFINITIONS = (
					"DEBUG=1",
					"$(inherited)",
				);
				IPHONEOS_DEPLOYMENT_TARGET = 17.0;
				MTL_ENABLE_DEBUG_INFO = INCLUDE_SOURCE;
				ONLY_ACTIVE_ARCH = YES;
				SDKROOT = iphoneos;
				SWIFT_ACTIVE_COMPILATION_CONDITIONS = "DEBUG $(inherited)";
				SWIFT_OPTIMIZATION_LEVEL = "-Onone";
			};
			name = Debug;
		};
		AC0000000000000000000002 /* Release */ = {
			isa = XCBuildConfiguration;
			buildSettings = {
				ALWAYS_SEARCH_USER_PATHS = NO;
				CLANG_ENABLE_MODULES = YES;
				CLANG_ENABLE_OBJC_ARC = YES;
				COPY_PHASE_STRIP = NO;
				DEBUG_INFORMATION_FORMAT = "dwarf-with-dsym";
				ENABLE_NS_ASSERTIONS = NO;
				GCC_C_LANGUAGE_STANDARD = gnu17;
				IPHONEOS_DEPLOYMENT_TARGET = 17.0;
				MTL_ENABLE_DEBUG_INFO = NO;
				SDKROOT = iphoneos;
				SWIFT_COMPILATION_MODE = wholemodule;
			};
			name = Release;
		};
		AC0000000000000000000003 /* Debug */ = {
			isa = XCBuildConfiguration;
			buildSettings = {
				ASSETCATALOG_COMPILER_ACCENT_COLOR_NAME = AccentColor;
				ASSETCATALOG_COMPILER_APPICON_NAME = AppIcon;
				CODE_SIGN_STYLE = Automatic;
				CURRENT_PROJECT_VERSION = 5;
				DEVELOPMENT_TEAM = A5L4GGX82X;
				ENABLE_PREVIEWS = YES;
				GENERATE_INFOPLIST_FILE = NO;
				INFOPLIST_FILE = Shouxia/Resources/Info.plist;
				INFOPLIST_KEY_CFBundleDisplayName = "收下";
				INFOPLIST_KEY_CFBundleName = "收下";
				INFOPLIST_KEY_ITSAppUsesNonExemptEncryption = NO;
				INFOPLIST_KEY_LSApplicationCategoryType = "public.app-category.utilities";
				INFOPLIST_KEY_UILaunchScreen_Generation = YES;
				INFOPLIST_KEY_UIApplicationSceneManifest_Generation = YES;
				MARKETING_VERSION = 1.2.0;
				PRODUCT_BUNDLE_IDENTIFIER = com.zhouwei.shouxia;
				PRODUCT_MODULE_NAME = Shouxia;
				PRODUCT_NAME = "收下";
				SWIFT_EMIT_LOC_STRINGS = YES;
				SWIFT_VERSION = 6.0;
				TARGETED_DEVICE_FAMILY = 1;
			};
			name = Debug;
		};
		AC0000000000000000000004 /* Release */ = {
			isa = XCBuildConfiguration;
			buildSettings = {
				ASSETCATALOG_COMPILER_ACCENT_COLOR_NAME = AccentColor;
				ASSETCATALOG_COMPILER_APPICON_NAME = AppIcon;
				CODE_SIGN_STYLE = Automatic;
				CURRENT_PROJECT_VERSION = 5;
				DEVELOPMENT_TEAM = A5L4GGX82X;
				ENABLE_PREVIEWS = YES;
				GENERATE_INFOPLIST_FILE = NO;
				INFOPLIST_FILE = Shouxia/Resources/Info.plist;
				INFOPLIST_KEY_CFBundleDisplayName = "收下";
				INFOPLIST_KEY_CFBundleName = "收下";
				INFOPLIST_KEY_ITSAppUsesNonExemptEncryption = NO;
				INFOPLIST_KEY_LSApplicationCategoryType = "public.app-category.utilities";
				INFOPLIST_KEY_UILaunchScreen_Generation = YES;
				INFOPLIST_KEY_UIApplicationSceneManifest_Generation = YES;
				MARKETING_VERSION = 1.2.0;
				PRODUCT_BUNDLE_IDENTIFIER = com.zhouwei.shouxia;
				PRODUCT_MODULE_NAME = Shouxia;
				PRODUCT_NAME = "收下";
				SWIFT_EMIT_LOC_STRINGS = YES;
				SWIFT_VERSION = 6.0;
				TARGETED_DEVICE_FAMILY = 1;
			};
			name = Release;
		};
		AC0000000000000000000005 /* Debug */ = {
			isa = XCBuildConfiguration;
			buildSettings = {
				BUNDLE_LOADER = "$(TEST_HOST)";
				CODE_SIGN_STYLE = Automatic;
				GENERATE_INFOPLIST_FILE = YES;
				PRODUCT_BUNDLE_IDENTIFIER = com.zhouwei.shouxia.tests;
				PRODUCT_NAME = "$(TARGET_NAME)";
				SWIFT_VERSION = 6.0;
				TARGETED_DEVICE_FAMILY = 1;
				TEST_HOST = "$(BUILT_PRODUCTS_DIR)/收下.app/$(BUNDLE_EXECUTABLE_FOLDER_PATH)/收下";
			};
			name = Debug;
		};
		AC0000000000000000000006 /* Release */ = {
			isa = XCBuildConfiguration;
			buildSettings = {
				BUNDLE_LOADER = "$(TEST_HOST)";
				CODE_SIGN_STYLE = Automatic;
				GENERATE_INFOPLIST_FILE = YES;
				PRODUCT_BUNDLE_IDENTIFIER = com.zhouwei.shouxia.tests;
				PRODUCT_NAME = "$(TARGET_NAME)";
				SWIFT_VERSION = 6.0;
				TARGETED_DEVICE_FAMILY = 1;
				TEST_HOST = "$(BUILT_PRODUCTS_DIR)/收下.app/$(BUNDLE_EXECUTABLE_FOLDER_PATH)/收下";
			};
			name = Release;
		};
/* End XCBuildConfiguration section */

/* Begin XCConfigurationList section */
		A80000000000000000000001 /* Build configuration list for PBXProject "Shouxia" */ = {
			isa = XCConfigurationList;
			buildConfigurations = (
				AC0000000000000000000001 /* Debug */,
				AC0000000000000000000002 /* Release */,
			);
			defaultConfigurationIsVisible = 0;
			defaultConfigurationName = Release;
		};
		A80000000000000000000002 /* Build configuration list for PBXNativeTarget "Shouxia" */ = {
			isa = XCConfigurationList;
			buildConfigurations = (
				AC0000000000000000000003 /* Debug */,
				AC0000000000000000000004 /* Release */,
			);
			defaultConfigurationIsVisible = 0;
			defaultConfigurationName = Release;
		};
		A80000000000000000000003 /* Build configuration list for PBXNativeTarget "ShouxiaTests" */ = {
			isa = XCConfigurationList;
			buildConfigurations = (
				AC0000000000000000000005 /* Debug */,
				AC0000000000000000000006 /* Release */,
			);
			defaultConfigurationIsVisible = 0;
			defaultConfigurationName = Release;
		};
/* End XCConfigurationList section */
	};
	rootObject = A40000000000000000000001 /* Project object */;
}
